
Microsoft Visual Studio Solution File, Format Version 12.00
# Visual Studio Version 17
VisualStudioVersion = 17.6.33815.320
MinimumVisualStudioVersion = 10.0.40219.1
Project("{FAE04EC0-301F-11D3-BF4B-00C04F79EFBC}") = "Assignment2_network_communications", "WindowsFormsApp33\Assignment2_network_communications.csproj", "{41598C88-7613-496E-A865-494D541FA7F4}"
EndProject
Global
	GlobalSection(SolutionConfigurationPlatforms) = preSolution
		Debug|Any CPU = Debug|Any CPU
		Release|Any CPU = Release|Any CPU
	EndGlobalSection
	GlobalSection(ProjectConfigurationPlatforms) = postSolution
		{41598C88-7613-496E-A865-494D541FA7F4}.Debug|Any CPU.ActiveCfg = Debug|Any CPU
		{41598C88-7613-496E-A865-494D541FA7F4}.Debug|Any CPU.Build.0 = Debug|Any CPU
		{41598C88-7613-496E-A865-494D541FA7F4}.Release|Any CPU.ActiveCfg = Release|Any CPU
		{41598C88-7613-496E-A865-494D541FA7F4}.Release|Any CPU.Build.0 = Release|Any CPU
	EndGlobalSection
	GlobalSection(SolutionProperties) = preSolution
		HideSolutionNode = FALSE
	EndGlobalSection
	GlobalSection(ExtensibilityGlobals) = postSolution
		SolutionGuid = {AC160A5A-6A67-4B60-9572-C68EA877114A}
	EndGlobalSection
EndGlobal
